
Microsoft Visual Studio Solution File, Format Version 12.00
# Visual Studio Version 17
VisualStudioVersion = 17.8.34330.188
MinimumVisualStudioVersion = 10.0.40219.1
Project("{FAE04EC0-301F-11D3-BF4B-00C04F79EFBC}") = "Enums", "Enums\Enums.csproj", "{E91A694B-3250-41FA-A5CC-4893F8CD88BB}"
EndProject
Global
	GlobalSection(SolutionConfigurationPlatforms) = preSolution
		Debug|Any CPU = Debug|Any CPU
		Release|Any CPU = Release|Any CPU
	EndGlobalSection
	GlobalSection(ProjectConfigurationPlatforms) = postSolution
		{E91A694B-3250-41FA-A5CC-4893F8CD88BB}.Debug|Any CPU.ActiveCfg = Debug|Any CPU
		{E91A694B-3250-41FA-A5CC-4893F8CD88BB}.Debug|Any CPU.Build.0 = Debug|Any CPU
		{E91A694B-3250-41FA-A5CC-4893F8CD88BB}.Release|Any CPU.ActiveCfg = Release|Any CPU
		{E91A694B-3250-41FA-A5CC-4893F8CD88BB}.Release|Any CPU.Build.0 = Release|Any CPU
	EndGlobalSection
	GlobalSection(SolutionProperties) = preSolution
		HideSolutionNode = FALSE
	EndGlobalSection
	GlobalSection(ExtensibilityGlobals) = postSolution
		SolutionGuid = {CB8D1752-6AC2-4BD8-AD44-1EF686BA946A}
	EndGlobalSection
EndGlobal
