
Microsoft Visual Studio Solution File, Format Version 12.00
# Visual Studio Version 17
VisualStudioVersion = 17.8.34330.188
MinimumVisualStudioVersion = 10.0.40219.1
Project("{FAE04EC0-301F-11D3-BF4B-00C04F79EFBC}") = "Access Modifiers", "Access Modifiers\Access Modifiers.csproj", "{CDB484DE-499A-46B4-9151-45E02A1B5511}"
EndProject
Global
	GlobalSection(SolutionConfigurationPlatforms) = preSolution
		Debug|Any CPU = Debug|Any CPU
		Release|Any CPU = Release|Any CPU
	EndGlobalSection
	GlobalSection(ProjectConfigurationPlatforms) = postSolution
		{CDB484DE-499A-46B4-9151-45E02A1B5511}.Debug|Any CPU.ActiveCfg = Debug|Any CPU
		{CDB484DE-499A-46B4-9151-45E02A1B5511}.Debug|Any CPU.Build.0 = Debug|Any CPU
		{CDB484DE-499A-46B4-9151-45E02A1B5511}.Release|Any CPU.ActiveCfg = Release|Any CPU
		{CDB484DE-499A-46B4-9151-45E02A1B5511}.Release|Any CPU.Build.0 = Release|Any CPU
	EndGlobalSection
	GlobalSection(SolutionProperties) = preSolution
		HideSolutionNode = FALSE
	EndGlobalSection
	GlobalSection(ExtensibilityGlobals) = postSolution
		SolutionGuid = {EDE17680-F482-4847-9C95-56EA09E246C6}
	EndGlobalSection
EndGlobal
