
Microsoft Visual Studio Solution File, Format Version 12.00
# Visual Studio Version 17
VisualStudioVersion = 17.8.34330.188
MinimumVisualStudioVersion = 10.0.40219.1
Project("{FAE04EC0-301F-11D3-BF4B-00C04F79EFBC}") = "ClassesandObjects", "ClassesandObjects\ClassesandObjects.csproj", "{0E13ABD3-EA57-4D08-812A-5B04187E0D46}"
EndProject
Global
	GlobalSection(SolutionConfigurationPlatforms) = preSolution
		Debug|Any CPU = Debug|Any CPU
		Release|Any CPU = Release|Any CPU
	EndGlobalSection
	GlobalSection(ProjectConfigurationPlatforms) = postSolution
		{0E13ABD3-EA57-4D08-812A-5B04187E0D46}.Debug|Any CPU.ActiveCfg = Debug|Any CPU
		{0E13ABD3-EA57-4D08-812A-5B04187E0D46}.Debug|Any CPU.Build.0 = Debug|Any CPU
		{0E13ABD3-EA57-4D08-812A-5B04187E0D46}.Release|Any CPU.ActiveCfg = Release|Any CPU
		{0E13ABD3-EA57-4D08-812A-5B04187E0D46}.Release|Any CPU.Build.0 = Release|Any CPU
	EndGlobalSection
	GlobalSection(SolutionProperties) = preSolution
		HideSolutionNode = FALSE
	EndGlobalSection
	GlobalSection(ExtensibilityGlobals) = postSolution
		SolutionGuid = {2EE0A991-56A3-48BC-A87C-0953D4EF33FB}
	EndGlobalSection
EndGlobal
