
Microsoft Visual Studio Solution File, Format Version 12.00
# Visual Studio Version 17
VisualStudioVersion = 17.8.34330.188
MinimumVisualStudioVersion = 10.0.40219.1
Project("{FAE04EC0-301F-11D3-BF4B-00C04F79EFBC}") = "HashTable Challenge", "HashTable Challenge\HashTable Challenge.csproj", "{05D5AC1F-8D7F-4C5A-9E86-719A7D91D1BC}"
EndProject
Global
	GlobalSection(SolutionConfigurationPlatforms) = preSolution
		Debug|Any CPU = Debug|Any CPU
		Release|Any CPU = Release|Any CPU
	EndGlobalSection
	GlobalSection(ProjectConfigurationPlatforms) = postSolution
		{05D5AC1F-8D7F-4C5A-9E86-719A7D91D1BC}.Debug|Any CPU.ActiveCfg = Debug|Any CPU
		{05D5AC1F-8D7F-4C5A-9E86-719A7D91D1BC}.Debug|Any CPU.Build.0 = Debug|Any CPU
		{05D5AC1F-8D7F-4C5A-9E86-719A7D91D1BC}.Release|Any CPU.ActiveCfg = Release|Any CPU
		{05D5AC1F-8D7F-4C5A-9E86-719A7D91D1BC}.Release|Any CPU.Build.0 = Release|Any CPU
	EndGlobalSection
	GlobalSection(SolutionProperties) = preSolution
		HideSolutionNode = FALSE
	EndGlobalSection
	GlobalSection(ExtensibilityGlobals) = postSolution
		SolutionGuid = {8E8C300B-8637-4701-9945-85AFDA90D79A}
	EndGlobalSection
EndGlobal
