
Microsoft Visual Studio Solution File, Format Version 12.00
# Visual Studio Version 17
VisualStudioVersion = 17.8.34330.188
MinimumVisualStudioVersion = 10.0.40219.1
Project("{FAE04EC0-301F-11D3-BF4B-00C04F79EFBC}") = "IEnumerable Example 3", "IEnumerable Example 3\IEnumerable Example 3.csproj", "{CBFBF5A9-9153-45F1-8597-1963837C24B9}"
EndProject
Global
	GlobalSection(SolutionConfigurationPlatforms) = preSolution
		Debug|Any CPU = Debug|Any CPU
		Release|Any CPU = Release|Any CPU
	EndGlobalSection
	GlobalSection(ProjectConfigurationPlatforms) = postSolution
		{CBFBF5A9-9153-45F1-8597-1963837C24B9}.Debug|Any CPU.ActiveCfg = Debug|Any CPU
		{CBFBF5A9-9153-45F1-8597-1963837C24B9}.Debug|Any CPU.Build.0 = Debug|Any CPU
		{CBFBF5A9-9153-45F1-8597-1963837C24B9}.Release|Any CPU.ActiveCfg = Release|Any CPU
		{CBFBF5A9-9153-45F1-8597-1963837C24B9}.Release|Any CPU.Build.0 = Release|Any CPU
	EndGlobalSection
	GlobalSection(SolutionProperties) = preSolution
		HideSolutionNode = FALSE
	EndGlobalSection
	GlobalSection(ExtensibilityGlobals) = postSolution
		SolutionGuid = {BE97E85B-E45E-478A-8927-55C2AE8C0BE9}
	EndGlobalSection
EndGlobal
