
Microsoft Visual Studio Solution File, Format Version 12.00
# Visual Studio Version 17
VisualStudioVersion = 17.8.34330.188
MinimumVisualStudioVersion = 10.0.40219.1
Project("{FAE04EC0-301F-11D3-BF4B-00C04F79EFBC}") = "if else statements", "if else statements\if else statements.csproj", "{EF3967D5-250F-4B6F-B020-32F7219F1175}"
EndProject
Global
	GlobalSection(SolutionConfigurationPlatforms) = preSolution
		Debug|Any CPU = Debug|Any CPU
		Release|Any CPU = Release|Any CPU
	EndGlobalSection
	GlobalSection(ProjectConfigurationPlatforms) = postSolution
		{EF3967D5-250F-4B6F-B020-32F7219F1175}.Debug|Any CPU.ActiveCfg = Debug|Any CPU
		{EF3967D5-250F-4B6F-B020-32F7219F1175}.Debug|Any CPU.Build.0 = Debug|Any CPU
		{EF3967D5-250F-4B6F-B020-32F7219F1175}.Release|Any CPU.ActiveCfg = Release|Any CPU
		{EF3967D5-250F-4B6F-B020-32F7219F1175}.Release|Any CPU.Build.0 = Release|Any CPU
	EndGlobalSection
	GlobalSection(SolutionProperties) = preSolution
		HideSolutionNode = FALSE
	EndGlobalSection
	GlobalSection(ExtensibilityGlobals) = postSolution
		SolutionGuid = {06D50012-A827-4C8B-AE09-00A9F6A055D5}
	EndGlobalSection
EndGlobal
