
Microsoft Visual Studio Solution File, Format Version 12.00
# Visual Studio Version 17
VisualStudioVersion = 17.8.34330.188
MinimumVisualStudioVersion = 10.0.40219.1
Project("{FAE04EC0-301F-11D3-BF4B-00C04F79EFBC}") = "Inheritance Challenge", "Inheritance Challenge\Inheritance Challenge.csproj", "{479952C7-FBEB-4AA9-B76F-B265E48C41FF}"
EndProject
Global
	GlobalSection(SolutionConfigurationPlatforms) = preSolution
		Debug|Any CPU = Debug|Any CPU
		Release|Any CPU = Release|Any CPU
	EndGlobalSection
	GlobalSection(ProjectConfigurationPlatforms) = postSolution
		{479952C7-FBEB-4AA9-B76F-B265E48C41FF}.Debug|Any CPU.ActiveCfg = Debug|Any CPU
		{479952C7-FBEB-4AA9-B76F-B265E48C41FF}.Debug|Any CPU.Build.0 = Debug|Any CPU
		{479952C7-FBEB-4AA9-B76F-B265E48C41FF}.Release|Any CPU.ActiveCfg = Release|Any CPU
		{479952C7-FBEB-4AA9-B76F-B265E48C41FF}.Release|Any CPU.Build.0 = Release|Any CPU
	EndGlobalSection
	GlobalSection(SolutionProperties) = preSolution
		HideSolutionNode = FALSE
	EndGlobalSection
	GlobalSection(ExtensibilityGlobals) = postSolution
		SolutionGuid = {AF3937ED-EEEC-4822-962A-8E3FAB212AAC}
	EndGlobalSection
EndGlobal
