
Microsoft Visual Studio Solution File, Format Version 12.00
# Visual Studio Version 17
VisualStudioVersion = 17.8.34330.188
MinimumVisualStudioVersion = 10.0.40219.1
Project("{FAE04EC0-301F-11D3-BF4B-00C04F79EFBC}") = "Try Catch and Finally", "Try Catch and Finally\Try Catch and Finally.csproj", "{A94FFEDF-799A-457E-BBCD-3718ACB372DF}"
EndProject
Global
	GlobalSection(SolutionConfigurationPlatforms) = preSolution
		Debug|Any CPU = Debug|Any CPU
		Release|Any CPU = Release|Any CPU
	EndGlobalSection
	GlobalSection(ProjectConfigurationPlatforms) = postSolution
		{A94FFEDF-799A-457E-BBCD-3718ACB372DF}.Debug|Any CPU.ActiveCfg = Debug|Any CPU
		{A94FFEDF-799A-457E-BBCD-3718ACB372DF}.Debug|Any CPU.Build.0 = Debug|Any CPU
		{A94FFEDF-799A-457E-BBCD-3718ACB372DF}.Release|Any CPU.ActiveCfg = Release|Any CPU
		{A94FFEDF-799A-457E-BBCD-3718ACB372DF}.Release|Any CPU.Build.0 = Release|Any CPU
	EndGlobalSection
	GlobalSection(SolutionProperties) = preSolution
		HideSolutionNode = FALSE
	EndGlobalSection
	GlobalSection(ExtensibilityGlobals) = postSolution
		SolutionGuid = {0C58F4BA-0394-4400-8CE1-B77AC26473BF}
	EndGlobalSection
EndGlobal
