
Microsoft Visual Studio Solution File, Format Version 12.00
# Visual Studio Version 17
VisualStudioVersion = 17.8.34330.188
MinimumVisualStudioVersion = 10.0.40219.1
Project("{FAE04EC0-301F-11D3-BF4B-00C04F79EFBC}") = "Debugging", "Debugging\Debugging.csproj", "{338C4E13-1066-4CCB-A036-1CF12C84C026}"
EndProject
Global
	GlobalSection(SolutionConfigurationPlatforms) = preSolution
		Debug|Any CPU = Debug|Any CPU
		Release|Any CPU = Release|Any CPU
	EndGlobalSection
	GlobalSection(ProjectConfigurationPlatforms) = postSolution
		{338C4E13-1066-4CCB-A036-1CF12C84C026}.Debug|Any CPU.ActiveCfg = Debug|Any CPU
		{338C4E13-1066-4CCB-A036-1CF12C84C026}.Debug|Any CPU.Build.0 = Debug|Any CPU
		{338C4E13-1066-4CCB-A036-1CF12C84C026}.Release|Any CPU.ActiveCfg = Release|Any CPU
		{338C4E13-1066-4CCB-A036-1CF12C84C026}.Release|Any CPU.Build.0 = Release|Any CPU
	EndGlobalSection
	GlobalSection(SolutionProperties) = preSolution
		HideSolutionNode = FALSE
	EndGlobalSection
	GlobalSection(ExtensibilityGlobals) = postSolution
		SolutionGuid = {3053719D-6727-49FC-BC60-D87F4630470E}
	EndGlobalSection
EndGlobal
