
Microsoft Visual Studio Solution File, Format Version 12.00
# Visual Studio Version 17
VisualStudioVersion = 17.8.34330.188
MinimumVisualStudioVersion = 10.0.40219.1
Project("{FAE04EC0-301F-11D3-BF4B-00C04F79EFBC}") = "Write Into A TextFile", "Write Into A TextFile\Write Into A TextFile.csproj", "{8D624CC4-7117-42E5-B236-12798C947700}"
EndProject
Global
	GlobalSection(SolutionConfigurationPlatforms) = preSolution
		Debug|Any CPU = Debug|Any CPU
		Release|Any CPU = Release|Any CPU
	EndGlobalSection
	GlobalSection(ProjectConfigurationPlatforms) = postSolution
		{8D624CC4-7117-42E5-B236-12798C947700}.Debug|Any CPU.ActiveCfg = Debug|Any CPU
		{8D624CC4-7117-42E5-B236-12798C947700}.Debug|Any CPU.Build.0 = Debug|Any CPU
		{8D624CC4-7117-42E5-B236-12798C947700}.Release|Any CPU.ActiveCfg = Release|Any CPU
		{8D624CC4-7117-42E5-B236-12798C947700}.Release|Any CPU.Build.0 = Release|Any CPU
	EndGlobalSection
	GlobalSection(SolutionProperties) = preSolution
		HideSolutionNode = FALSE
	EndGlobalSection
	GlobalSection(ExtensibilityGlobals) = postSolution
		SolutionGuid = {F680A34B-0E50-4B12-96C3-F372755D64E7}
	EndGlobalSection
EndGlobal
