
Microsoft Visual Studio Solution File, Format Version 12.00
# Visual Studio Version 17
VisualStudioVersion = 17.8.34330.188
MinimumVisualStudioVersion = 10.0.40219.1
Project("{FAE04EC0-301F-11D3-BF4B-00C04F79EFBC}") = "IEnumerable Example2", "IEnumerable Example2\IEnumerable Example2.csproj", "{0B059342-0B90-476F-AFD8-79E4677A7224}"
EndProject
Global
	GlobalSection(SolutionConfigurationPlatforms) = preSolution
		Debug|Any CPU = Debug|Any CPU
		Release|Any CPU = Release|Any CPU
	EndGlobalSection
	GlobalSection(ProjectConfigurationPlatforms) = postSolution
		{0B059342-0B90-476F-AFD8-79E4677A7224}.Debug|Any CPU.ActiveCfg = Debug|Any CPU
		{0B059342-0B90-476F-AFD8-79E4677A7224}.Debug|Any CPU.Build.0 = Debug|Any CPU
		{0B059342-0B90-476F-AFD8-79E4677A7224}.Release|Any CPU.ActiveCfg = Release|Any CPU
		{0B059342-0B90-476F-AFD8-79E4677A7224}.Release|Any CPU.Build.0 = Release|Any CPU
	EndGlobalSection
	GlobalSection(SolutionProperties) = preSolution
		HideSolutionNode = FALSE
	EndGlobalSection
	GlobalSection(ExtensibilityGlobals) = postSolution
		SolutionGuid = {A35F5741-F6B6-46A0-B19B-9B790874E582}
	EndGlobalSection
EndGlobal
