
Microsoft Visual Studio Solution File, Format Version 12.00
# Visual Studio Version 17
VisualStudioVersion = 17.8.34330.188
MinimumVisualStudioVersion = 10.0.40219.1
Project("{FAE04EC0-301F-11D3-BF4B-00C04F79EFBC}") = "jagged array challenge", "jagged array challenge\jagged array challenge.csproj", "{7218C436-2E48-4B57-A989-77FD6C638934}"
EndProject
Global
	GlobalSection(SolutionConfigurationPlatforms) = preSolution
		Debug|Any CPU = Debug|Any CPU
		Release|Any CPU = Release|Any CPU
	EndGlobalSection
	GlobalSection(ProjectConfigurationPlatforms) = postSolution
		{7218C436-2E48-4B57-A989-77FD6C638934}.Debug|Any CPU.ActiveCfg = Debug|Any CPU
		{7218C436-2E48-4B57-A989-77FD6C638934}.Debug|Any CPU.Build.0 = Debug|Any CPU
		{7218C436-2E48-4B57-A989-77FD6C638934}.Release|Any CPU.ActiveCfg = Release|Any CPU
		{7218C436-2E48-4B57-A989-77FD6C638934}.Release|Any CPU.Build.0 = Release|Any CPU
	EndGlobalSection
	GlobalSection(SolutionProperties) = preSolution
		HideSolutionNode = FALSE
	EndGlobalSection
	GlobalSection(ExtensibilityGlobals) = postSolution
		SolutionGuid = {AA8C2C37-A457-4BE5-86B3-A4FDBC314548}
	EndGlobalSection
EndGlobal
